
Microsoft Visual Studio Solution File, Format Version 12.00
# Visual Studio Version 16
VisualStudioVersion = 16.0.30011.22
MinimumVisualStudioVersion = 10.0.40219.1
Project("{00D1A9C2-B5F0-4AF3-8072-F6C62B433612}") = "CntrlDb", "CntrlDb\CntrlDb.sqlproj", "{27A34078-CCFC-4646-BE2A-9D8C9FA267C4}"
EndProject
Project("{00D1A9C2-B5F0-4AF3-8072-F6C62B433612}") = "ZEASQLDBEDW01", "ZEASQLDBEDW01\ZEASQLDBEDW01.sqlproj", "{1347A342-1649-47FA-9343-98420E5239CC}"
EndProject
Global
	GlobalSection(SolutionConfigurationPlatforms) = preSolution
		Debug|Any CPU = Debug|Any CPU
		Release|Any CPU = Release|Any CPU
	EndGlobalSection
	GlobalSection(ProjectConfigurationPlatforms) = postSolution
		{27A34078-CCFC-4646-BE2A-9D8C9FA267C4}.Debug|Any CPU.ActiveCfg = Debug|Any CPU
		{27A34078-CCFC-4646-BE2A-9D8C9FA267C4}.Debug|Any CPU.Build.0 = Debug|Any CPU
		{27A34078-CCFC-4646-BE2A-9D8C9FA267C4}.Debug|Any CPU.Deploy.0 = Debug|Any CPU
		{27A34078-CCFC-4646-BE2A-9D8C9FA267C4}.Release|Any CPU.ActiveCfg = Release|Any CPU
		{27A34078-CCFC-4646-BE2A-9D8C9FA267C4}.Release|Any CPU.Build.0 = Release|Any CPU
		{27A34078-CCFC-4646-BE2A-9D8C9FA267C4}.Release|Any CPU.Deploy.0 = Release|Any CPU
		{1347A342-1649-47FA-9343-98420E5239CC}.Debug|Any CPU.ActiveCfg = Debug|Any CPU
		{1347A342-1649-47FA-9343-98420E5239CC}.Debug|Any CPU.Build.0 = Debug|Any CPU
		{1347A342-1649-47FA-9343-98420E5239CC}.Debug|Any CPU.Deploy.0 = Debug|Any CPU
		{1347A342-1649-47FA-9343-98420E5239CC}.Release|Any CPU.ActiveCfg = Release|Any CPU
		{1347A342-1649-47FA-9343-98420E5239CC}.Release|Any CPU.Build.0 = Release|Any CPU
		{1347A342-1649-47FA-9343-98420E5239CC}.Release|Any CPU.Deploy.0 = Release|Any CPU
	EndGlobalSection
	GlobalSection(SolutionProperties) = preSolution
		HideSolutionNode = FALSE
	EndGlobalSection
	GlobalSection(ExtensibilityGlobals) = postSolution
		SolutionGuid = {FC85BD47-78FF-4EF6-86DE-F77C2BE51A7F}
	EndGlobalSection
EndGlobal
