
Microsoft Visual Studio Solution File, Format Version 12.00
# Visual Studio Version 16
VisualStudioVersion = 16.0.30011.22
MinimumVisualStudioVersion = 10.0.40219.1
Project("{00D1A9C2-B5F0-4AF3-8072-F6C62B433612}") = "ControlDB", "ControlDB\ControlDB.sqlproj", "{AD3961A2-AB7B-4924-879C-38ECF1664234}"
EndProject
Global
	GlobalSection(SolutionConfigurationPlatforms) = preSolution
		Debug|Any CPU = Debug|Any CPU
		Release|Any CPU = Release|Any CPU
	EndGlobalSection
	GlobalSection(ProjectConfigurationPlatforms) = postSolution
		{AD3961A2-AB7B-4924-879C-38ECF1664234}.Debug|Any CPU.ActiveCfg = Debug|Any CPU
		{AD3961A2-AB7B-4924-879C-38ECF1664234}.Debug|Any CPU.Build.0 = Debug|Any CPU
		{AD3961A2-AB7B-4924-879C-38ECF1664234}.Debug|Any CPU.Deploy.0 = Debug|Any CPU
		{AD3961A2-AB7B-4924-879C-38ECF1664234}.Release|Any CPU.ActiveCfg = Release|Any CPU
		{AD3961A2-AB7B-4924-879C-38ECF1664234}.Release|Any CPU.Build.0 = Release|Any CPU
		{AD3961A2-AB7B-4924-879C-38ECF1664234}.Release|Any CPU.Deploy.0 = Release|Any CPU
	EndGlobalSection
	GlobalSection(SolutionProperties) = preSolution
		HideSolutionNode = FALSE
	EndGlobalSection
	GlobalSection(ExtensibilityGlobals) = postSolution
		SolutionGuid = {96267885-1030-4DA2-A67F-53888B62E4F6}
	EndGlobalSection
EndGlobal
